
Microsoft Visual Studio Solution File, Format Version 12.00
# Visual Studio Version 17
VisualStudioVersion = 17.14.36717.8
MinimumVisualStudioVersion = 10.0.40219.1
Project("{FAE04EC0-301F-11D3-BF4B-00C04F79EFBC}") = "IVSoftware.Portable.Common", "IVSoftware.Portable.Common\IVSoftware.Portable.Common.csproj", "{61A5A018-7039-4E82-89B3-491304D0F5B2}"
EndProject
Project("{FAE04EC0-301F-11D3-BF4B-00C04F79EFBC}") = "IVSoftware.Portable.Common.MSTest", "IVSoftware.Portable.Common.MSTest\IVSoftware.Portable.Common.MSTest.csproj", "{C87E7553-68F4-41F2-A9BB-E86B83A7687D}"
EndProject
Global
	GlobalSection(SolutionConfigurationPlatforms) = preSolution
		Debug|Any CPU = Debug|Any CPU
		Release|Any CPU = Release|Any CPU
	EndGlobalSection
	GlobalSection(ProjectConfigurationPlatforms) = postSolution
		{61A5A018-7039-4E82-89B3-491304D0F5B2}.Debug|Any CPU.ActiveCfg = Debug|Any CPU
		{61A5A018-7039-4E82-89B3-491304D0F5B2}.Debug|Any CPU.Build.0 = Debug|Any CPU
		{61A5A018-7039-4E82-89B3-491304D0F5B2}.Release|Any CPU.ActiveCfg = Release|Any CPU
		{61A5A018-7039-4E82-89B3-491304D0F5B2}.Release|Any CPU.Build.0 = Release|Any CPU
		{C87E7553-68F4-41F2-A9BB-E86B83A7687D}.Debug|Any CPU.ActiveCfg = Debug|Any CPU
		{C87E7553-68F4-41F2-A9BB-E86B83A7687D}.Debug|Any CPU.Build.0 = Debug|Any CPU
		{C87E7553-68F4-41F2-A9BB-E86B83A7687D}.Release|Any CPU.ActiveCfg = Release|Any CPU
		{C87E7553-68F4-41F2-A9BB-E86B83A7687D}.Release|Any CPU.Build.0 = Release|Any CPU
	EndGlobalSection
	GlobalSection(SolutionProperties) = preSolution
		HideSolutionNode = FALSE
	EndGlobalSection
	GlobalSection(ExtensibilityGlobals) = postSolution
		SolutionGuid = {7EC6E670-765B-49B3-8B76-0720F1F2B3D9}
	EndGlobalSection
EndGlobal
